
Microsoft Visual Studio Solution File, Format Version 12.00
# Visual Studio Version 16
VisualStudioVersion = 25.0.1704.0
MinimumVisualStudioVersion = 10.0.40219.1
Project("{FAE04EC0-301F-11D3-BF4B-00C04F79EFBC}") = "Sharpzeebot", "Sharpzeebot.csproj", "{7576DDED-E88E-4AF2-A57A-57B90CF55421}"
EndProject
Global
	GlobalSection(SolutionConfigurationPlatforms) = preSolution
		Debug|Any CPU = Debug|Any CPU
		Release|Any CPU = Release|Any CPU
	EndGlobalSection
	GlobalSection(ProjectConfigurationPlatforms) = postSolution
		{7576DDED-E88E-4AF2-A57A-57B90CF55421}.Debug|Any CPU.ActiveCfg = Debug|Any CPU
		{7576DDED-E88E-4AF2-A57A-57B90CF55421}.Debug|Any CPU.Build.0 = Debug|Any CPU
		{7576DDED-E88E-4AF2-A57A-57B90CF55421}.Release|Any CPU.ActiveCfg = Release|Any CPU
		{7576DDED-E88E-4AF2-A57A-57B90CF55421}.Release|Any CPU.Build.0 = Release|Any CPU
	EndGlobalSection
	GlobalSection(SolutionProperties) = preSolution
		HideSolutionNode = FALSE
	EndGlobalSection
	GlobalSection(ExtensibilityGlobals) = postSolution
		SolutionGuid = {696EC6BD-FE5A-455D-937D-0B37B66FE75B}
	EndGlobalSection
EndGlobal
